{
  "name": "Nintex Connector Priotrizer",
  "lockfileVersion": 3,
  "requires": true,
  "packages": {
    "": {
      "dependencies": {
        "csv-parse": "^7.0.0"
      }
    },
    "node_modules/csv-parse": {
      "version": "7.0.0",
      "resolved": "https://registry.npmjs.org/csv-parse/-/csv-parse-7.0.0.tgz",
      "integrity": "sha512-CSssqPAK5us09FhMI9juM0jnqXUJP+rtWeIfivTYBLNH/8rnxkQlZvoRemF6MAyfNov9XU8mN2wwF/pP68sxTA==",
      "license": "MIT"
    }
  }
}
